// !$*UTF8*$!
{
	archiveVersion = 1;
	classes = {
	};
	objectVersion = 77;
	objects = {

/* Begin PBXBuildFile section */
		C4A2B3C4D5E6F70819A0B1C4 /* ChatMessage.swift in Sources */ = {isa = PBXBuildFile; fileRef = C1A2B3C4D5E6F70819A0B1C1 /* ChatMessage.swift */; };
		C5A2B3C4D5E6F70819A0B1C5 /* ChatViewModel.swift in Sources */ = {isa = PBXBuildFile; fileRef = C2A2B3C4D5E6F70819A0B1C2 /* ChatViewModel.swift */; };
		C6A2B3C4D5E6F70819A0B1C6 /* ChatView.swift in Sources */ = {isa = PBXBuildFile; fileRef = C3A2B3C4D5E6F70819A0B1C3 /* ChatView.swift */; };
		C7A2B3C4D5E6F70819A0B1C7 /* MarkdownUI in Frameworks */ = {isa = PBXBuildFile; productRef = C9A2B3C4D5E6F70819A0B1C9 /* MarkdownUI */; };
		1A2B3C4D5E6F70819A0B1C2D /* BlockTextView.swift in Sources */ = {isa = PBXBuildFile; fileRef = 1A2B3C4D5E6F70819A0B1C2E /* BlockTextView.swift */; };
		29665FFFC60A4840E3A457E9 /* GrabTextView.swift in Sources */ = {isa = PBXBuildFile; fileRef = 14C72A892F0F15471E9AAE05 /* GrabTextView.swift */; };
		296D635CE7F3284F5C7B69FA /* AuthService.swift in Sources */ = {isa = PBXBuildFile; fileRef = 70594E455FAB4B1AE14BC029 /* AuthService.swift */; };
		3584D019EE0A157E41CE46ED /* PreviewerView.swift in Sources */ = {isa = PBXBuildFile; fileRef = 26DBAD756BAB41765DD0DBBF /* PreviewerView.swift */; };
		42429619B489004B3BC8F924 /* APIService.swift in Sources */ = {isa = PBXBuildFile; fileRef = B7A5C53021AFB460192747EA /* APIService.swift */; };
		5BB036706E3445A886901063 /* AudioButton.swift in Sources */ = {isa = PBXBuildFile; fileRef = 84C4F39354FEA0DD8340312B /* AudioButton.swift */; };
		661B58055D462E4D14C942E4 /* ContentLanguage.swift in Sources */ = {isa = PBXBuildFile; fileRef = 66CC3C1D0A968E5FE84399AC /* ContentLanguage.swift */; };
		6D89ABF30CC52FF3B951BEC2 /* Supabase in Frameworks */ = {isa = PBXBuildFile; productRef = E2365B3E14832566FFD307D2 /* Supabase */; };
		7135B42AD30401B2540170BE /* AppConfig.swift in Sources */ = {isa = PBXBuildFile; fileRef = 34A569314CD9D3FD3E659E79 /* AppConfig.swift */; };
		8110AF2854D0FE7EBBBE3EDC /* sample-page.jpg in Resources */ = {isa = PBXBuildFile; fileRef = CE9783A93C90160769C708B0 /* sample-page.jpg */; };
		840DEE1A9B4C31C4B31B689E /* CameraView.swift in Sources */ = {isa = PBXBuildFile; fileRef = 64649C389244124560F7EFC6 /* CameraView.swift */; };
		9A4ACB6745B1A92CEF13760E /* HistoryItem.swift in Sources */ = {isa = PBXBuildFile; fileRef = 21E629712E8CBE3B72A445FB /* HistoryItem.swift */; };
		A431A5016ED2634005F2F238 /* App.swift in Sources */ = {isa = PBXBuildFile; fileRef = 674FCD22BB88FBD6D023E555 /* App.swift */; };
		C228EC3617BF9056D8AE8776 /* TranslationResult.swift in Sources */ = {isa = PBXBuildFile; fileRef = 4668EB4DEB0820AA945BB405 /* TranslationResult.swift */; };
		D1A2B3C4D5E6F70819A0B1C0 /* OCRViewModel.swift in Sources */ = {isa = PBXBuildFile; fileRef = D1A2B3C4D5E6F70819A0B1C1 /* OCRViewModel.swift */; };
		EA4AA42A8A60B4F95F6686F5 /* LoginView.swift in Sources */ = {isa = PBXBuildFile; fileRef = 8FF9E9FFE2350657C64DF91E /* LoginView.swift */; };
		F0F60D91009D4CC7E066BBF8 /* Assets.xcassets in Resources */ = {isa = PBXBuildFile; fileRef = 391EADC11CB3DA038B06D0B8 /* Assets.xcassets */; };
		F2C4C6A6CDD5313BE83F2B42 /* AppTheme.swift in Sources */ = {isa = PBXBuildFile; fileRef = FCAD7DE22C0673691627AE71 /* AppTheme.swift */; };
		A1B2C3D4E5F60718293A4B5C /* VisionOCRService.swift in Sources */ = {isa = PBXBuildFile; fileRef = A1B2C3D4E5F60718293A4B5D /* VisionOCRService.swift */; };
/* End PBXBuildFile section */

/* Begin PBXFileReference section */
		C1A2B3C4D5E6F70819A0B1C1 /* ChatMessage.swift */ = {isa = PBXFileReference; lastKnownFileType = sourcecode.swift; path = ChatMessage.swift; sourceTree = "<group>"; };
		C2A2B3C4D5E6F70819A0B1C2 /* ChatViewModel.swift */ = {isa = PBXFileReference; lastKnownFileType = sourcecode.swift; path = ChatViewModel.swift; sourceTree = "<group>"; };
		C3A2B3C4D5E6F70819A0B1C3 /* ChatView.swift */ = {isa = PBXFileReference; lastKnownFileType = sourcecode.swift; path = ChatView.swift; sourceTree = "<group>"; };
		1A2B3C4D5E6F70819A0B1C2E /* BlockTextView.swift */ = {isa = PBXFileReference; lastKnownFileType = sourcecode.swift; path = BlockTextView.swift; sourceTree = "<group>"; };
		14C72A892F0F15471E9AAE05 /* GrabTextView.swift */ = {isa = PBXFileReference; lastKnownFileType = sourcecode.swift; path = GrabTextView.swift; sourceTree = "<group>"; };
		21E629712E8CBE3B72A445FB /* HistoryItem.swift */ = {isa = PBXFileReference; lastKnownFileType = sourcecode.swift; path = HistoryItem.swift; sourceTree = "<group>"; };
		26DBAD756BAB41765DD0DBBF /* PreviewerView.swift */ = {isa = PBXFileReference; lastKnownFileType = sourcecode.swift; path = PreviewerView.swift; sourceTree = "<group>"; };
		34A569314CD9D3FD3E659E79 /* AppConfig.swift */ = {isa = PBXFileReference; lastKnownFileType = sourcecode.swift; path = AppConfig.swift; sourceTree = "<group>"; };
		391EADC11CB3DA038B06D0B8 /* Assets.xcassets */ = {isa = PBXFileReference; lastKnownFileType = folder.assetcatalog; path = Assets.xcassets; sourceTree = "<group>"; };
		4668EB4DEB0820AA945BB405 /* TranslationResult.swift */ = {isa = PBXFileReference; lastKnownFileType = sourcecode.swift; path = TranslationResult.swift; sourceTree = "<group>"; };
		D1A2B3C4D5E6F70819A0B1C1 /* OCRViewModel.swift */ = {isa = PBXFileReference; lastKnownFileType = sourcecode.swift; path = OCRViewModel.swift; sourceTree = "<group>"; };
		4D4F747C2FE41CE57EBF2893 /* Snappy.app */ = {isa = PBXFileReference; explicitFileType = wrapper.application; includeInIndex = 0; path = Snappy.app; sourceTree = BUILT_PRODUCTS_DIR; };
		64649C389244124560F7EFC6 /* CameraView.swift */ = {isa = PBXFileReference; lastKnownFileType = sourcecode.swift; path = CameraView.swift; sourceTree = "<group>"; };
		66CC3C1D0A968E5FE84399AC /* ContentLanguage.swift */ = {isa = PBXFileReference; lastKnownFileType = sourcecode.swift; path = ContentLanguage.swift; sourceTree = "<group>"; };
		674FCD22BB88FBD6D023E555 /* App.swift */ = {isa = PBXFileReference; lastKnownFileType = sourcecode.swift; path = App.swift; sourceTree = "<group>"; };
		70594E455FAB4B1AE14BC029 /* AuthService.swift */ = {isa = PBXFileReference; lastKnownFileType = sourcecode.swift; path = AuthService.swift; sourceTree = "<group>"; };
		84C4F39354FEA0DD8340312B /* AudioButton.swift */ = {isa = PBXFileReference; lastKnownFileType = sourcecode.swift; path = AudioButton.swift; sourceTree = "<group>"; };
		8FF9E9FFE2350657C64DF91E /* LoginView.swift */ = {isa = PBXFileReference; lastKnownFileType = sourcecode.swift; path = LoginView.swift; sourceTree = "<group>"; };
		B586E9514030CA2E18B1B7BE /* Info.plist */ = {isa = PBXFileReference; lastKnownFileType = text.plist; path = Info.plist; sourceTree = "<group>"; };
		B7A5C53021AFB460192747EA /* APIService.swift */ = {isa = PBXFileReference; lastKnownFileType = sourcecode.swift; path = APIService.swift; sourceTree = "<group>"; };
		C804D86DBFD207D26119F5D4 /* Config.xcconfig */ = {isa = PBXFileReference; lastKnownFileType = text.xcconfig; path = Config.xcconfig; sourceTree = "<group>"; };
		CE9783A93C90160769C708B0 /* sample-page.jpg */ = {isa = PBXFileReference; lastKnownFileType = image.jpeg; path = "sample-page.jpg"; sourceTree = "<group>"; };
		FCAD7DE22C0673691627AE71 /* AppTheme.swift */ = {isa = PBXFileReference; lastKnownFileType = sourcecode.swift; path = AppTheme.swift; sourceTree = "<group>"; };
		A1B2C3D4E5F60718293A4B5D /* VisionOCRService.swift */ = {isa = PBXFileReference; lastKnownFileType = sourcecode.swift; path = VisionOCRService.swift; sourceTree = "<group>"; };
/* End PBXFileReference section */

/* Begin PBXFrameworksBuildPhase section */
		0FAF17D5CCAF643D19EFC4B1 /* Frameworks */ = {
			isa = PBXFrameworksBuildPhase;
			buildActionMask = 2147483647;
			files = (
				6D89ABF30CC52FF3B951BEC2 /* Supabase in Frameworks */,
				C7A2B3C4D5E6F70819A0B1C7 /* MarkdownUI in Frameworks */,
			);
			runOnlyForDeploymentPostprocessing = 0;
		};
/* End PBXFrameworksBuildPhase section */

/* Begin PBXGroup section */
		045B053C2EDF54384103A6FF /* Auth */ = {
			isa = PBXGroup;
			children = (
			);
			path = Auth;
			sourceTree = "<group>";
		};
		084179F17DDCD5182D915287 /* Auth */ = {
			isa = PBXGroup;
			children = (
				8FF9E9FFE2350657C64DF91E /* LoginView.swift */,
			);
			path = Auth;
			sourceTree = "<group>";
		};
		24ACE7FFE4951B551D3724DA /* App */ = {
			isa = PBXGroup;
			children = (
				34A569314CD9D3FD3E659E79 /* AppConfig.swift */,
				674FCD22BB88FBD6D023E555 /* App.swift */,
			);
			path = App;
			sourceTree = "<group>";
		};
		38F231869081CE01E0C66689 /* Explanation */ = {
			isa = PBXGroup;
			children = (
				84C4F39354FEA0DD8340312B /* AudioButton.swift */,
			);
			path = Explanation;
			sourceTree = "<group>";
		};
		3F8FC060290DB970390F6466 /* Products */ = {
			isa = PBXGroup;
			children = (
				4D4F747C2FE41CE57EBF2893 /* Snappy.app */,
			);
			name = Products;
			sourceTree = "<group>";
		};
		41F0A13AD53DC2D06F118776 /* Configs */ = {
			isa = PBXGroup;
			children = (
				C804D86DBFD207D26119F5D4 /* Config.xcconfig */,
			);
			path = Configs;
			sourceTree = "<group>";
		};
		4D011CD79F034852D7A42E24 /* Resources */ = {
			isa = PBXGroup;
			children = (
				CE9783A93C90160769C708B0 /* sample-page.jpg */,
			);
			path = Resources;
			sourceTree = "<group>";
		};
		51FC6F5F0E8D9C6C709782EE /* Previewer */ = {
			isa = PBXGroup;
			children = (
				1A2B3C4D5E6F70819A0B1C2E /* BlockTextView.swift */,
				26DBAD756BAB41765DD0DBBF /* PreviewerView.swift */,
			);
			path = Previewer;
			sourceTree = "<group>";
		};
		7A542A774C6E2F7906EEF38C /* Services */ = {
			isa = PBXGroup;
			children = (
				B7A5C53021AFB460192747EA /* APIService.swift */,
				70594E455FAB4B1AE14BC029 /* AuthService.swift */,
				A1B2C3D4E5F60718293A4B5D /* VisionOCRService.swift */,
			);
			path = Services;
			sourceTree = "<group>";
		};
		8BBC96095127A99967BACBC6 /* Views */ = {
			isa = PBXGroup;
			children = (
				084179F17DDCD5182D915287 /* Auth */,
				CAA2B3C4D5E6F70819A0B1CA /* Chat */,
				38F231869081CE01E0C66689 /* Explanation */,
				959BCB61EFBCD03C00A7CC76 /* GrabText */,
				51FC6F5F0E8D9C6C709782EE /* Previewer */,
			);
			path = Views;
			sourceTree = "<group>";
		};
		CAA2B3C4D5E6F70819A0B1CA /* Chat */ = {
			isa = PBXGroup;
			children = (
				C3A2B3C4D5E6F70819A0B1C3 /* ChatView.swift */,
			);
			path = Chat;
			sourceTree = "<group>";
		};
		959BCB61EFBCD03C00A7CC76 /* GrabText */ = {
			isa = PBXGroup;
			children = (
				64649C389244124560F7EFC6 /* CameraView.swift */,
				14C72A892F0F15471E9AAE05 /* GrabTextView.swift */,
			);
			path = GrabText;
			sourceTree = "<group>";
		};
		A93D8492F32E64A9BD94642A = {
			isa = PBXGroup;
			children = (
				41F0A13AD53DC2D06F118776 /* Configs */,
				BB9147822E118F5BB32CB4FF /* Snappy */,
				3F8FC060290DB970390F6466 /* Products */,
			);
			sourceTree = "<group>";
		};
		BB9147822E118F5BB32CB4FF /* Snappy */ = {
			isa = PBXGroup;
			children = (
				391EADC11CB3DA038B06D0B8 /* Assets.xcassets */,
				B586E9514030CA2E18B1B7BE /* Info.plist */,
				24ACE7FFE4951B551D3724DA /* App */,
				045B053C2EDF54384103A6FF /* Auth */,
				EE9E39720B408FF61D9670C6 /* Models */,
				4D011CD79F034852D7A42E24 /* Resources */,
				7A542A774C6E2F7906EEF38C /* Services */,
				DF5D3279077B0D838EB53D8C /* Theme */,
				8BBC96095127A99967BACBC6 /* Views */,
			);
			path = Snappy;
			sourceTree = "<group>";
		};
		DF5D3279077B0D838EB53D8C /* Theme */ = {
			isa = PBXGroup;
			children = (
				FCAD7DE22C0673691627AE71 /* AppTheme.swift */,
			);
			path = Theme;
			sourceTree = "<group>";
		};
		EE9E39720B408FF61D9670C6 /* Models */ = {
			isa = PBXGroup;
			children = (
				C1A2B3C4D5E6F70819A0B1C1 /* ChatMessage.swift */,
				C2A2B3C4D5E6F70819A0B1C2 /* ChatViewModel.swift */,
				66CC3C1D0A968E5FE84399AC /* ContentLanguage.swift */,
				21E629712E8CBE3B72A445FB /* HistoryItem.swift */,
				D1A2B3C4D5E6F70819A0B1C1 /* OCRViewModel.swift */,
				4668EB4DEB0820AA945BB405 /* TranslationResult.swift */,
			);
			path = Models;
			sourceTree = "<group>";
		};
/* End PBXGroup section */

/* Begin PBXNativeTarget section */
		5FAA8A086595CCD52D4B86D5 /* Snappy */ = {
			isa = PBXNativeTarget;
			buildConfigurationList = 436982C4708B4803E55F9D30 /* Build configuration list for PBXNativeTarget "Snappy" */;
			buildPhases = (
				CC081C839229B22DBA66EFC7 /* Sources */,
				39105154FF27BBAE377F149F /* Resources */,
				0FAF17D5CCAF643D19EFC4B1 /* Frameworks */,
			);
			buildRules = (
			);
			dependencies = (
			);
			name = Snappy;
			packageProductDependencies = (
				E2365B3E14832566FFD307D2 /* Supabase */,
				C9A2B3C4D5E6F70819A0B1C9 /* MarkdownUI */,
			);
			productName = Snappy;
			productReference = 4D4F747C2FE41CE57EBF2893 /* Snappy.app */;
			productType = "com.apple.product-type.application";
		};
/* End PBXNativeTarget section */

/* Begin PBXProject section */
		D3F75E2F63BD9A17AA1A986C /* Project object */ = {
			isa = PBXProject;
			attributes = {
				BuildIndependentTargetsInParallel = YES;
				LastUpgradeCheck = 1430;
			};
			buildConfigurationList = AFBDEC7007BFB995643E2E46 /* Build configuration list for PBXProject "Snappy" */;
			developmentRegion = en;
			hasScannedForEncodings = 0;
			knownRegions = (
				Base,
				en,
			);
			mainGroup = A93D8492F32E64A9BD94642A;
			minimizedProjectReferenceProxies = 1;
			packageReferences = (
				41E4ACB6394002CAD3819EF9 /* XCRemoteSwiftPackageReference "supabase-swift" */,
				C8A2B3C4D5E6F70819A0B1C8 /* XCRemoteSwiftPackageReference "swift-markdown-ui" */,
			);
			preferredProjectObjectVersion = 77;
			productRefGroup = 3F8FC060290DB970390F6466 /* Products */;
			projectDirPath = "";
			projectRoot = "";
			targets = (
				5FAA8A086595CCD52D4B86D5 /* Snappy */,
			);
		};
/* End PBXProject section */

/* Begin PBXResourcesBuildPhase section */
		39105154FF27BBAE377F149F /* Resources */ = {
			isa = PBXResourcesBuildPhase;
			buildActionMask = 2147483647;
			files = (
				F0F60D91009D4CC7E066BBF8 /* Assets.xcassets in Resources */,
				8110AF2854D0FE7EBBBE3EDC /* sample-page.jpg in Resources */,
			);
			runOnlyForDeploymentPostprocessing = 0;
		};
/* End PBXResourcesBuildPhase section */

/* Begin PBXSourcesBuildPhase section */
		CC081C839229B22DBA66EFC7 /* Sources */ = {
			isa = PBXSourcesBuildPhase;
			buildActionMask = 2147483647;
			files = (
				42429619B489004B3BC8F924 /* APIService.swift in Sources */,
				7135B42AD30401B2540170BE /* AppConfig.swift in Sources */,
				5BB036706E3445A886901063 /* AudioButton.swift in Sources */,
				1A2B3C4D5E6F70819A0B1C2D /* BlockTextView.swift in Sources */,
				296D635CE7F3284F5C7B69FA /* AuthService.swift in Sources */,
				840DEE1A9B4C31C4B31B689E /* CameraView.swift in Sources */,
				C4A2B3C4D5E6F70819A0B1C4 /* ChatMessage.swift in Sources */,
				C5A2B3C4D5E6F70819A0B1C5 /* ChatViewModel.swift in Sources */,
				C6A2B3C4D5E6F70819A0B1C6 /* ChatView.swift in Sources */,
				661B58055D462E4D14C942E4 /* ContentLanguage.swift in Sources */,
				29665FFFC60A4840E3A457E9 /* GrabTextView.swift in Sources */,
				9A4ACB6745B1A92CEF13760E /* HistoryItem.swift in Sources */,
				EA4AA42A8A60B4F95F6686F5 /* LoginView.swift in Sources */,
				D1A2B3C4D5E6F70819A0B1C0 /* OCRViewModel.swift in Sources */,
				C228EC3617BF9056D8AE8776 /* TranslationResult.swift in Sources */,
				3584D019EE0A157E41CE46ED /* PreviewerView.swift in Sources */,
				A431A5016ED2634005F2F238 /* App.swift in Sources */,
				F2C4C6A6CDD5313BE83F2B42 /* AppTheme.swift in Sources */,
				A1B2C3D4E5F60718293A4B5C /* VisionOCRService.swift in Sources */,
			);
			runOnlyForDeploymentPostprocessing = 0;
		};
/* End PBXSourcesBuildPhase section */

/* Begin XCBuildConfiguration section */
		1CDDF89DA4E417221D5117A6 /* Release */ = {
			isa = XCBuildConfiguration;
			buildSettings = {
				ALWAYS_SEARCH_USER_PATHS = NO;
				CLANG_ANALYZER_NONNULL = YES;
				CLANG_ANALYZER_NUMBER_OBJECT_CONVERSION = YES_AGGRESSIVE;
				CLANG_CXX_LANGUAGE_STANDARD = "gnu++14";
				CLANG_CXX_LIBRARY = "libc++";
				CLANG_ENABLE_MODULES = YES;
				CLANG_ENABLE_OBJC_ARC = YES;
				CLANG_ENABLE_OBJC_WEAK = YES;
				CLANG_WARN_BLOCK_CAPTURE_AUTORELEASING = YES;
				CLANG_WARN_BOOL_CONVERSION = YES;
				CLANG_WARN_COMMA = YES;
				CLANG_WARN_CONSTANT_CONVERSION = YES;
				CLANG_WARN_DEPRECATED_OBJC_IMPLEMENTATIONS = YES;
				CLANG_WARN_DIRECT_OBJC_ISA_USAGE = YES_ERROR;
				CLANG_WARN_DOCUMENTATION_COMMENTS = YES;
				CLANG_WARN_EMPTY_BODY = YES;
				CLANG_WARN_ENUM_CONVERSION = YES;
				CLANG_WARN_INFINITE_RECURSION = YES;
				CLANG_WARN_INT_CONVERSION = YES;
				CLANG_WARN_NON_LITERAL_NULL_CONVERSION = YES;
				CLANG_WARN_OBJC_IMPLICIT_RETAIN_SELF = YES;
				CLANG_WARN_OBJC_LITERAL_CONVERSION = YES;
				CLANG_WARN_OBJC_ROOT_CLASS = YES_ERROR;
				CLANG_WARN_QUOTED_INCLUDE_IN_FRAMEWORK_HEADER = YES;
				CLANG_WARN_RANGE_LOOP_ANALYSIS = YES;
				CLANG_WARN_STRICT_PROTOTYPES = YES;
				CLANG_WARN_SUSPICIOUS_MOVE = YES;
				CLANG_WARN_UNGUARDED_AVAILABILITY = YES_AGGRESSIVE;
				CLANG_WARN_UNREACHABLE_CODE = YES;
				CLANG_WARN__DUPLICATE_METHOD_MATCH = YES;
				COPY_PHASE_STRIP = NO;
				DEBUG_INFORMATION_FORMAT = "dwarf-with-dsym";
				ENABLE_NS_ASSERTIONS = NO;
				ENABLE_STRICT_OBJC_MSGSEND = YES;
				GCC_C_LANGUAGE_STANDARD = gnu11;
				GCC_NO_COMMON_BLOCKS = YES;
				GCC_WARN_64_TO_32_BIT_CONVERSION = YES;
				GCC_WARN_ABOUT_RETURN_TYPE = YES_ERROR;
				GCC_WARN_UNDECLARED_SELECTOR = YES;
				GCC_WARN_UNINITIALIZED_AUTOS = YES_AGGRESSIVE;
				GCC_WARN_UNUSED_FUNCTION = YES;
				GCC_WARN_UNUSED_VARIABLE = YES;
				IPHONEOS_DEPLOYMENT_TARGET = 26.0;
				MTL_ENABLE_DEBUG_INFO = NO;
				MTL_FAST_MATH = YES;
				PRODUCT_NAME = "$(TARGET_NAME)";
				SDKROOT = iphoneos;
				SWIFT_COMPILATION_MODE = wholemodule;
				SWIFT_OPTIMIZATION_LEVEL = "-O";
				SWIFT_VERSION = 5.0;
			};
			name = Release;
		};
		226911BB057258B2253BEA14 /* Debug */ = {
			isa = XCBuildConfiguration;
			baseConfigurationReference = C804D86DBFD207D26119F5D4 /* Config.xcconfig */;
			buildSettings = {
				ASSETCATALOG_COMPILER_APPICON_NAME = AppIcon;
				ASSETCATALOG_COMPILER_GLOBAL_ACCENT_COLOR_NAME = AccentColor;
				CODE_SIGN_IDENTITY = "iPhone Developer";
				CURRENT_PROJECT_VERSION = 1;
				DEVELOPMENT_TEAM = 3MFU8G98MP;
				INFOPLIST_FILE = Snappy/Info.plist;
				LD_RUNPATH_SEARCH_PATHS = (
					"$(inherited)",
					"@executable_path/Frameworks",
				);
				MARKETING_VERSION = 1.0.0;
				PRODUCT_BUNDLE_IDENTIFIER = com.tpohoretskyi.snappy;
				SDKROOT = iphoneos;
				SWIFT_VERSION = 6.0;
				TARGETED_DEVICE_FAMILY = "1,2";
			};
			name = Debug;
		};
		5707B728632A7CC18F729E7B /* Debug */ = {
			isa = XCBuildConfiguration;
			buildSettings = {
				ALWAYS_SEARCH_USER_PATHS = NO;
				CLANG_ANALYZER_NONNULL = YES;
				CLANG_ANALYZER_NUMBER_OBJECT_CONVERSION = YES_AGGRESSIVE;
				CLANG_CXX_LANGUAGE_STANDARD = "gnu++14";
				CLANG_CXX_LIBRARY = "libc++";
				CLANG_ENABLE_MODULES = YES;
				CLANG_ENABLE_OBJC_ARC = YES;
				CLANG_ENABLE_OBJC_WEAK = YES;
				CLANG_WARN_BLOCK_CAPTURE_AUTORELEASING = YES;
				CLANG_WARN_BOOL_CONVERSION = YES;
				CLANG_WARN_COMMA = YES;
				CLANG_WARN_CONSTANT_CONVERSION = YES;
				CLANG_WARN_DEPRECATED_OBJC_IMPLEMENTATIONS = YES;
				CLANG_WARN_DIRECT_OBJC_ISA_USAGE = YES_ERROR;
				CLANG_WARN_DOCUMENTATION_COMMENTS = YES;
				CLANG_WARN_EMPTY_BODY = YES;
				CLANG_WARN_ENUM_CONVERSION = YES;
				CLANG_WARN_INFINITE_RECURSION = YES;
				CLANG_WARN_INT_CONVERSION = YES;
				CLANG_WARN_NON_LITERAL_NULL_CONVERSION = YES;
				CLANG_WARN_OBJC_IMPLICIT_RETAIN_SELF = YES;
				CLANG_WARN_OBJC_LITERAL_CONVERSION = YES;
				CLANG_WARN_OBJC_ROOT_CLASS = YES_ERROR;
				CLANG_WARN_QUOTED_INCLUDE_IN_FRAMEWORK_HEADER = YES;
				CLANG_WARN_RANGE_LOOP_ANALYSIS = YES;
				CLANG_WARN_STRICT_PROTOTYPES = YES;
				CLANG_WARN_SUSPICIOUS_MOVE = YES;
				CLANG_WARN_UNGUARDED_AVAILABILITY = YES_AGGRESSIVE;
				CLANG_WARN_UNREACHABLE_CODE = YES;
				CLANG_WARN__DUPLICATE_METHOD_MATCH = YES;
				COPY_PHASE_STRIP = NO;
				DEBUG_INFORMATION_FORMAT = dwarf;
				ENABLE_STRICT_OBJC_MSGSEND = YES;
				ENABLE_TESTABILITY = YES;
				GCC_C_LANGUAGE_STANDARD = gnu11;
				GCC_DYNAMIC_NO_PIC = NO;
				GCC_NO_COMMON_BLOCKS = YES;
				GCC_OPTIMIZATION_LEVEL = 0;
				GCC_PREPROCESSOR_DEFINITIONS = (
					"$(inherited)",
					"DEBUG=1",
				);
				GCC_WARN_64_TO_32_BIT_CONVERSION = YES;
				GCC_WARN_ABOUT_RETURN_TYPE = YES_ERROR;
				GCC_WARN_UNDECLARED_SELECTOR = YES;
				GCC_WARN_UNINITIALIZED_AUTOS = YES_AGGRESSIVE;
				GCC_WARN_UNUSED_FUNCTION = YES;
				GCC_WARN_UNUSED_VARIABLE = YES;
				IPHONEOS_DEPLOYMENT_TARGET = 26.0;
				MTL_ENABLE_DEBUG_INFO = INCLUDE_SOURCE;
				MTL_FAST_MATH = YES;
				ONLY_ACTIVE_ARCH = YES;
				PRODUCT_NAME = "$(TARGET_NAME)";
				SDKROOT = iphoneos;
				SWIFT_ACTIVE_COMPILATION_CONDITIONS = DEBUG;
				SWIFT_OPTIMIZATION_LEVEL = "-Onone";
				SWIFT_VERSION = 5.0;
			};
			name = Debug;
		};
		7D73763F2D89FEC75372585F /* Release */ = {
			isa = XCBuildConfiguration;
			baseConfigurationReference = C804D86DBFD207D26119F5D4 /* Config.xcconfig */;
			buildSettings = {
				ASSETCATALOG_COMPILER_APPICON_NAME = AppIcon;
				ASSETCATALOG_COMPILER_GLOBAL_ACCENT_COLOR_NAME = AccentColor;
				CODE_SIGN_IDENTITY = "iPhone Developer";
				CURRENT_PROJECT_VERSION = 1;
				DEVELOPMENT_TEAM = 3MFU8G98MP;
				INFOPLIST_FILE = Snappy/Info.plist;
				LD_RUNPATH_SEARCH_PATHS = (
					"$(inherited)",
					"@executable_path/Frameworks",
				);
				MARKETING_VERSION = 1.0.0;
				PRODUCT_BUNDLE_IDENTIFIER = com.tpohoretskyi.snappy;
				SDKROOT = iphoneos;
				SWIFT_VERSION = 6.0;
				TARGETED_DEVICE_FAMILY = "1,2";
			};
			name = Release;
		};
/* End XCBuildConfiguration section */

/* Begin XCConfigurationList section */
		436982C4708B4803E55F9D30 /* Build configuration list for PBXNativeTarget "Snappy" */ = {
			isa = XCConfigurationList;
			buildConfigurations = (
				226911BB057258B2253BEA14 /* Debug */,
				7D73763F2D89FEC75372585F /* Release */,
			);
			defaultConfigurationIsVisible = 0;
			defaultConfigurationName = Debug;
		};
		AFBDEC7007BFB995643E2E46 /* Build configuration list for PBXProject "Snappy" */ = {
			isa = XCConfigurationList;
			buildConfigurations = (
				5707B728632A7CC18F729E7B /* Debug */,
				1CDDF89DA4E417221D5117A6 /* Release */,
			);
			defaultConfigurationIsVisible = 0;
			defaultConfigurationName = Debug;
		};
/* End XCConfigurationList section */

/* Begin XCRemoteSwiftPackageReference section */
		41E4ACB6394002CAD3819EF9 /* XCRemoteSwiftPackageReference "supabase-swift" */ = {
			isa = XCRemoteSwiftPackageReference;
			repositoryURL = "https://github.com/supabase/supabase-swift";
			requirement = {
				kind = upToNextMajorVersion;
				minimumVersion = 2.0.0;
			};
		};
		C8A2B3C4D5E6F70819A0B1C8 /* XCRemoteSwiftPackageReference "swift-markdown-ui" */ = {
			isa = XCRemoteSwiftPackageReference;
			repositoryURL = "https://github.com/gonzalezreal/swift-markdown-ui";
			requirement = {
				kind = upToNextMajorVersion;
				minimumVersion = 2.0.0;
			};
		};
/* End XCRemoteSwiftPackageReference section */

/* Begin XCSwiftPackageProductDependency section */
		E2365B3E14832566FFD307D2 /* Supabase */ = {
			isa = XCSwiftPackageProductDependency;
			package = 41E4ACB6394002CAD3819EF9 /* XCRemoteSwiftPackageReference "supabase-swift" */;
			productName = Supabase;
		};
		C9A2B3C4D5E6F70819A0B1C9 /* MarkdownUI */ = {
			isa = XCSwiftPackageProductDependency;
			package = C8A2B3C4D5E6F70819A0B1C8 /* XCRemoteSwiftPackageReference "swift-markdown-ui" */;
			productName = MarkdownUI;
		};
/* End XCSwiftPackageProductDependency section */
	};
	rootObject = D3F75E2F63BD9A17AA1A986C /* Project object */;
}
