// !$*UTF8*$!
{
	archiveVersion = 1;
	classes = {
	};
	objectVersion = 77;
	objects = {

/* Begin PBXBuildFile section */
		0307A2CBC5E20A6A80D0316D /* ChatView.swift in Sources */ = {isa = PBXBuildFile; fileRef = 0E3561DDF769F3744102FC4B /* ChatView.swift */; };
		05CB3DE9A21645FAF76E67C9 /* MarkdownUI in Frameworks */ = {isa = PBXBuildFile; productRef = 1F4447E0F925B872E1088C7D /* MarkdownUI */; };
		1B5AA66C3C37EAB5EE37D094 /* Assets.xcassets in Resources */ = {isa = PBXBuildFile; fileRef = 9A3A22B4F109936C6DFB2BD1 /* Assets.xcassets */; };
		1C3E9A9E1AF3B4AB2099FD69 /* OCRViewModel.swift in Sources */ = {isa = PBXBuildFile; fileRef = D4CF27D8B8226FE629031BD8 /* OCRViewModel.swift */; };
		46E5097A5D79C480ED9C90F7 /* GrabTextView.swift in Sources */ = {isa = PBXBuildFile; fileRef = ADF3BDE08628B840AE6364E1 /* GrabTextView.swift */; };
		4942EB7F594243C0076F2B74 /* BlockTextView.swift in Sources */ = {isa = PBXBuildFile; fileRef = 6F1D6E396D1F93AA28DF9269 /* BlockTextView.swift */; };
		4E807DBAB47918C811ACA4D6 /* PreviewerView.swift in Sources */ = {isa = PBXBuildFile; fileRef = E0985177795BDD9FCA4FE6FC /* PreviewerView.swift */; };
		6C46A2B3CECB6F18734774C7 /* AppConfig.swift in Sources */ = {isa = PBXBuildFile; fileRef = 1E4D0ABF003C05A5F6E19CB2 /* AppConfig.swift */; };
		8892E52ADD0CA322C044F8F9 /* CameraView.swift in Sources */ = {isa = PBXBuildFile; fileRef = CFB1073E8B1EE6871829EF87 /* CameraView.swift */; };
		8C05E67CCC39F85C9BAE3D51 /* APIService.swift in Sources */ = {isa = PBXBuildFile; fileRef = EAA2822225C3AA6B7EB1406B /* APIService.swift */; };
		8F2931DFA9E1EE727AC31AF1 /* AudioButton.swift in Sources */ = {isa = PBXBuildFile; fileRef = 61E02FE31397058A66CC483E /* AudioButton.swift */; };
		9397CAB00E4F94D38B0B68A0 /* ContentLanguage.swift in Sources */ = {isa = PBXBuildFile; fileRef = 511B667662F819A131F6FC2C /* ContentLanguage.swift */; };
		9EC15F95E1DFDB95453CFAEC /* AppTheme.swift in Sources */ = {isa = PBXBuildFile; fileRef = FB3CF900963EAE00D4614FF3 /* AppTheme.swift */; };
		9EF50FECC9073C4CEBE91D00 /* ChatViewModel.swift in Sources */ = {isa = PBXBuildFile; fileRef = F4BC203AC67069A3A6145862 /* ChatViewModel.swift */; };
		AAB657D1A782886645C94627 /* TranslationResult.swift in Sources */ = {isa = PBXBuildFile; fileRef = 555DB67B877261A37386F367 /* TranslationResult.swift */; };
		C55D2B18873D7EDD8408DF0D /* App.swift in Sources */ = {isa = PBXBuildFile; fileRef = 809E41C4269EDABFCFC342E2 /* App.swift */; };
		D69B66132A49426016E8A773 /* ChatMessage.swift in Sources */ = {isa = PBXBuildFile; fileRef = 54279F0D3586D2670DF0FEED /* ChatMessage.swift */; };
		FCFC50B6641BC5411CA04F19 /* sample-page.jpg in Resources */ = {isa = PBXBuildFile; fileRef = FDDCF4ADD6B673061370C398 /* sample-page.jpg */; };
/* End PBXBuildFile section */

/* Begin PBXFileReference section */
		0E3561DDF769F3744102FC4B /* ChatView.swift */ = {isa = PBXFileReference; lastKnownFileType = sourcecode.swift; path = ChatView.swift; sourceTree = "<group>"; };
		1E4D0ABF003C05A5F6E19CB2 /* AppConfig.swift */ = {isa = PBXFileReference; lastKnownFileType = sourcecode.swift; path = AppConfig.swift; sourceTree = "<group>"; };
		511B667662F819A131F6FC2C /* ContentLanguage.swift */ = {isa = PBXFileReference; lastKnownFileType = sourcecode.swift; path = ContentLanguage.swift; sourceTree = "<group>"; };
		52D2BFDA2162EE8A775CBE79 /* Snappy.app */ = {isa = PBXFileReference; explicitFileType = wrapper.application; includeInIndex = 0; path = Snappy.app; sourceTree = BUILT_PRODUCTS_DIR; };
		54279F0D3586D2670DF0FEED /* ChatMessage.swift */ = {isa = PBXFileReference; lastKnownFileType = sourcecode.swift; path = ChatMessage.swift; sourceTree = "<group>"; };
		555DB67B877261A37386F367 /* TranslationResult.swift */ = {isa = PBXFileReference; lastKnownFileType = sourcecode.swift; path = TranslationResult.swift; sourceTree = "<group>"; };
		61E02FE31397058A66CC483E /* AudioButton.swift */ = {isa = PBXFileReference; lastKnownFileType = sourcecode.swift; path = AudioButton.swift; sourceTree = "<group>"; };
		6F1D6E396D1F93AA28DF9269 /* BlockTextView.swift */ = {isa = PBXFileReference; lastKnownFileType = sourcecode.swift; path = BlockTextView.swift; sourceTree = "<group>"; };
		713A5B487F5F0821CB9A98FE /* Info.plist */ = {isa = PBXFileReference; lastKnownFileType = text.plist; path = Info.plist; sourceTree = "<group>"; };
		809E41C4269EDABFCFC342E2 /* App.swift */ = {isa = PBXFileReference; lastKnownFileType = sourcecode.swift; path = App.swift; sourceTree = "<group>"; };
		9A3A22B4F109936C6DFB2BD1 /* Assets.xcassets */ = {isa = PBXFileReference; lastKnownFileType = folder.assetcatalog; path = Assets.xcassets; sourceTree = "<group>"; };
		A9DD77CCF0C32C709E61FFA3 /* Config.xcconfig */ = {isa = PBXFileReference; lastKnownFileType = text.xcconfig; path = Config.xcconfig; sourceTree = "<group>"; };
		ADF3BDE08628B840AE6364E1 /* GrabTextView.swift */ = {isa = PBXFileReference; lastKnownFileType = sourcecode.swift; path = GrabTextView.swift; sourceTree = "<group>"; };
		CFB1073E8B1EE6871829EF87 /* CameraView.swift */ = {isa = PBXFileReference; lastKnownFileType = sourcecode.swift; path = CameraView.swift; sourceTree = "<group>"; };
		D4CF27D8B8226FE629031BD8 /* OCRViewModel.swift */ = {isa = PBXFileReference; lastKnownFileType = sourcecode.swift; path = OCRViewModel.swift; sourceTree = "<group>"; };
		E0985177795BDD9FCA4FE6FC /* PreviewerView.swift */ = {isa = PBXFileReference; lastKnownFileType = sourcecode.swift; path = PreviewerView.swift; sourceTree = "<group>"; };
		EAA2822225C3AA6B7EB1406B /* APIService.swift */ = {isa = PBXFileReference; lastKnownFileType = sourcecode.swift; path = APIService.swift; sourceTree = "<group>"; };
		F4BC203AC67069A3A6145862 /* ChatViewModel.swift */ = {isa = PBXFileReference; lastKnownFileType = sourcecode.swift; path = ChatViewModel.swift; sourceTree = "<group>"; };
		FB3CF900963EAE00D4614FF3 /* AppTheme.swift */ = {isa = PBXFileReference; lastKnownFileType = sourcecode.swift; path = AppTheme.swift; sourceTree = "<group>"; };
		FDDCF4ADD6B673061370C398 /* sample-page.jpg */ = {isa = PBXFileReference; lastKnownFileType = image.jpeg; path = "sample-page.jpg"; sourceTree = "<group>"; };
/* End PBXFileReference section */

/* Begin PBXFrameworksBuildPhase section */
		583502356927D87A4FB3CCD3 /* Frameworks */ = {
			isa = PBXFrameworksBuildPhase;
			buildActionMask = 2147483647;
			files = (
				05CB3DE9A21645FAF76E67C9 /* MarkdownUI in Frameworks */,
			);
			runOnlyForDeploymentPostprocessing = 0;
		};
/* End PBXFrameworksBuildPhase section */

/* Begin PBXGroup section */
		15CD2E8C24F7322C999E421E /* Snappy */ = {
			isa = PBXGroup;
			children = (
				9A3A22B4F109936C6DFB2BD1 /* Assets.xcassets */,
				713A5B487F5F0821CB9A98FE /* Info.plist */,
				FA20F4DBF7824C13A7E7B4E2 /* App */,
				FB5F303E067CDE1F92BB3E70 /* Models */,
				531257CE3B844469E2BF1C73 /* Resources */,
				C18A4D3DFE840947120F6B1C /* Services */,
				5FD5F55592EC62C992020608 /* Theme */,
				907565FBAE51329D29188E98 /* Views */,
			);
			path = Snappy;
			sourceTree = "<group>";
		};
		35A89B7B9E2095BF28398680 /* Configs */ = {
			isa = PBXGroup;
			children = (
				A9DD77CCF0C32C709E61FFA3 /* Config.xcconfig */,
			);
			path = Configs;
			sourceTree = "<group>";
		};
		531257CE3B844469E2BF1C73 /* Resources */ = {
			isa = PBXGroup;
			children = (
				FDDCF4ADD6B673061370C398 /* sample-page.jpg */,
			);
			path = Resources;
			sourceTree = "<group>";
		};
		5FD5F55592EC62C992020608 /* Theme */ = {
			isa = PBXGroup;
			children = (
				FB3CF900963EAE00D4614FF3 /* AppTheme.swift */,
			);
			path = Theme;
			sourceTree = "<group>";
		};
		7BE32D6B64159E86FB6CAB53 /* GrabText */ = {
			isa = PBXGroup;
			children = (
				CFB1073E8B1EE6871829EF87 /* CameraView.swift */,
				ADF3BDE08628B840AE6364E1 /* GrabTextView.swift */,
			);
			path = GrabText;
			sourceTree = "<group>";
		};
		819D94FE9624CEFEF44543E8 /* Products */ = {
			isa = PBXGroup;
			children = (
				52D2BFDA2162EE8A775CBE79 /* Snappy.app */,
			);
			name = Products;
			sourceTree = "<group>";
		};
		8D7057BF5031DD4939A81F51 /* Explanation */ = {
			isa = PBXGroup;
			children = (
				61E02FE31397058A66CC483E /* AudioButton.swift */,
			);
			path = Explanation;
			sourceTree = "<group>";
		};
		907565FBAE51329D29188E98 /* Views */ = {
			isa = PBXGroup;
			children = (
				E43928BAC8D577052EF768F7 /* Chat */,
				8D7057BF5031DD4939A81F51 /* Explanation */,
				7BE32D6B64159E86FB6CAB53 /* GrabText */,
				D63255E581F57D993CB49AD7 /* Previewer */,
			);
			path = Views;
			sourceTree = "<group>";
		};
		C18A4D3DFE840947120F6B1C /* Services */ = {
			isa = PBXGroup;
			children = (
				EAA2822225C3AA6B7EB1406B /* APIService.swift */,
			);
			path = Services;
			sourceTree = "<group>";
		};
		D63255E581F57D993CB49AD7 /* Previewer */ = {
			isa = PBXGroup;
			children = (
				6F1D6E396D1F93AA28DF9269 /* BlockTextView.swift */,
				E0985177795BDD9FCA4FE6FC /* PreviewerView.swift */,
			);
			path = Previewer;
			sourceTree = "<group>";
		};
		DC82E73CE018A92D6EC40496 = {
			isa = PBXGroup;
			children = (
				35A89B7B9E2095BF28398680 /* Configs */,
				15CD2E8C24F7322C999E421E /* Snappy */,
				819D94FE9624CEFEF44543E8 /* Products */,
			);
			sourceTree = "<group>";
		};
		E43928BAC8D577052EF768F7 /* Chat */ = {
			isa = PBXGroup;
			children = (
				0E3561DDF769F3744102FC4B /* ChatView.swift */,
			);
			path = Chat;
			sourceTree = "<group>";
		};
		FA20F4DBF7824C13A7E7B4E2 /* App */ = {
			isa = PBXGroup;
			children = (
				809E41C4269EDABFCFC342E2 /* App.swift */,
				1E4D0ABF003C05A5F6E19CB2 /* AppConfig.swift */,
			);
			path = App;
			sourceTree = "<group>";
		};
		FB5F303E067CDE1F92BB3E70 /* Models */ = {
			isa = PBXGroup;
			children = (
				54279F0D3586D2670DF0FEED /* ChatMessage.swift */,
				F4BC203AC67069A3A6145862 /* ChatViewModel.swift */,
				511B667662F819A131F6FC2C /* ContentLanguage.swift */,
				D4CF27D8B8226FE629031BD8 /* OCRViewModel.swift */,
				555DB67B877261A37386F367 /* TranslationResult.swift */,
			);
			path = Models;
			sourceTree = "<group>";
		};
/* End PBXGroup section */

/* Begin PBXNativeTarget section */
		DA7F0399C5130AD4F27DA3F9 /* Snappy */ = {
			isa = PBXNativeTarget;
			buildConfigurationList = 6A7CC05B53D568978D634D43 /* Build configuration list for PBXNativeTarget "Snappy" */;
			buildPhases = (
				FC171DE84EE873A2763533AC /* Sources */,
				CF70AC5CFCE02D16CF103DC9 /* Resources */,
				583502356927D87A4FB3CCD3 /* Frameworks */,
			);
			buildRules = (
			);
			dependencies = (
			);
			name = Snappy;
			packageProductDependencies = (
				1F4447E0F925B872E1088C7D /* MarkdownUI */,
			);
			productName = Snappy;
			productReference = 52D2BFDA2162EE8A775CBE79 /* Snappy.app */;
			productType = "com.apple.product-type.application";
		};
/* End PBXNativeTarget section */

/* Begin PBXProject section */
		6461E1F8E486586EEFA7F42F /* Project object */ = {
			isa = PBXProject;
			attributes = {
				BuildIndependentTargetsInParallel = YES;
				LastUpgradeCheck = 1430;
			};
			buildConfigurationList = 651CB18F0719F41D7C8D985A /* Build configuration list for PBXProject "Snappy" */;
			developmentRegion = en;
			hasScannedForEncodings = 0;
			knownRegions = (
				Base,
				en,
			);
			mainGroup = DC82E73CE018A92D6EC40496;
			minimizedProjectReferenceProxies = 1;
			packageReferences = (
				3788C87A30EAB2140B9E5DFF /* XCRemoteSwiftPackageReference "swift-markdown-ui" */,
			);
			preferredProjectObjectVersion = 77;
			productRefGroup = 819D94FE9624CEFEF44543E8 /* Products */;
			projectDirPath = "";
			projectRoot = "";
			targets = (
				DA7F0399C5130AD4F27DA3F9 /* Snappy */,
			);
		};
/* End PBXProject section */

/* Begin PBXResourcesBuildPhase section */
		CF70AC5CFCE02D16CF103DC9 /* Resources */ = {
			isa = PBXResourcesBuildPhase;
			buildActionMask = 2147483647;
			files = (
				1B5AA66C3C37EAB5EE37D094 /* Assets.xcassets in Resources */,
				FCFC50B6641BC5411CA04F19 /* sample-page.jpg in Resources */,
			);
			runOnlyForDeploymentPostprocessing = 0;
		};
/* End PBXResourcesBuildPhase section */

/* Begin PBXSourcesBuildPhase section */
		FC171DE84EE873A2763533AC /* Sources */ = {
			isa = PBXSourcesBuildPhase;
			buildActionMask = 2147483647;
			files = (
				8C05E67CCC39F85C9BAE3D51 /* APIService.swift in Sources */,
				C55D2B18873D7EDD8408DF0D /* App.swift in Sources */,
				6C46A2B3CECB6F18734774C7 /* AppConfig.swift in Sources */,
				9EC15F95E1DFDB95453CFAEC /* AppTheme.swift in Sources */,
				8F2931DFA9E1EE727AC31AF1 /* AudioButton.swift in Sources */,
				4942EB7F594243C0076F2B74 /* BlockTextView.swift in Sources */,
				8892E52ADD0CA322C044F8F9 /* CameraView.swift in Sources */,
				D69B66132A49426016E8A773 /* ChatMessage.swift in Sources */,
				0307A2CBC5E20A6A80D0316D /* ChatView.swift in Sources */,
				9EF50FECC9073C4CEBE91D00 /* ChatViewModel.swift in Sources */,
				9397CAB00E4F94D38B0B68A0 /* ContentLanguage.swift in Sources */,
				46E5097A5D79C480ED9C90F7 /* GrabTextView.swift in Sources */,
				1C3E9A9E1AF3B4AB2099FD69 /* OCRViewModel.swift in Sources */,
				4E807DBAB47918C811ACA4D6 /* PreviewerView.swift in Sources */,
				AAB657D1A782886645C94627 /* TranslationResult.swift in Sources */,
			);
			runOnlyForDeploymentPostprocessing = 0;
		};
/* End PBXSourcesBuildPhase section */

/* Begin XCBuildConfiguration section */
		89030E85E8456C89AD3BABAA /* Release */ = {
			isa = XCBuildConfiguration;
			baseConfigurationReference = A9DD77CCF0C32C709E61FFA3 /* Config.xcconfig */;
			buildSettings = {
				ASSETCATALOG_COMPILER_APPICON_NAME = AppIcon;
				ASSETCATALOG_COMPILER_GLOBAL_ACCENT_COLOR_NAME = AccentColor;
				CODE_SIGN_IDENTITY = "iPhone Developer";
				CURRENT_PROJECT_VERSION = 1;
				DEVELOPMENT_TEAM = 3MFU8G98MP;
				INFOPLIST_FILE = Snappy/Info.plist;
				LD_RUNPATH_SEARCH_PATHS = (
					"$(inherited)",
					"@executable_path/Frameworks",
				);
				MARKETING_VERSION = 1.0.0;
				PRODUCT_BUNDLE_IDENTIFIER = com.tpohoretskyi.snappy;
				SDKROOT = iphoneos;
				SWIFT_VERSION = 6.0;
				TARGETED_DEVICE_FAMILY = "1,2";
			};
			name = Release;
		};
		A4ED892BCF34C6650A5FE163 /* Debug */ = {
			isa = XCBuildConfiguration;
			buildSettings = {
				ALWAYS_SEARCH_USER_PATHS = NO;
				CLANG_ANALYZER_NONNULL = YES;
				CLANG_ANALYZER_NUMBER_OBJECT_CONVERSION = YES_AGGRESSIVE;
				CLANG_CXX_LANGUAGE_STANDARD = "gnu++14";
				CLANG_CXX_LIBRARY = "libc++";
				CLANG_ENABLE_MODULES = YES;
				CLANG_ENABLE_OBJC_ARC = YES;
				CLANG_ENABLE_OBJC_WEAK = YES;
				CLANG_WARN_BLOCK_CAPTURE_AUTORELEASING = YES;
				CLANG_WARN_BOOL_CONVERSION = YES;
				CLANG_WARN_COMMA = YES;
				CLANG_WARN_CONSTANT_CONVERSION = YES;
				CLANG_WARN_DEPRECATED_OBJC_IMPLEMENTATIONS = YES;
				CLANG_WARN_DIRECT_OBJC_ISA_USAGE = YES_ERROR;
				CLANG_WARN_DOCUMENTATION_COMMENTS = YES;
				CLANG_WARN_EMPTY_BODY = YES;
				CLANG_WARN_ENUM_CONVERSION = YES;
				CLANG_WARN_INFINITE_RECURSION = YES;
				CLANG_WARN_INT_CONVERSION = YES;
				CLANG_WARN_NON_LITERAL_NULL_CONVERSION = YES;
				CLANG_WARN_OBJC_IMPLICIT_RETAIN_SELF = YES;
				CLANG_WARN_OBJC_LITERAL_CONVERSION = YES;
				CLANG_WARN_OBJC_ROOT_CLASS = YES_ERROR;
				CLANG_WARN_QUOTED_INCLUDE_IN_FRAMEWORK_HEADER = YES;
				CLANG_WARN_RANGE_LOOP_ANALYSIS = YES;
				CLANG_WARN_STRICT_PROTOTYPES = YES;
				CLANG_WARN_SUSPICIOUS_MOVE = YES;
				CLANG_WARN_UNGUARDED_AVAILABILITY = YES_AGGRESSIVE;
				CLANG_WARN_UNREACHABLE_CODE = YES;
				CLANG_WARN__DUPLICATE_METHOD_MATCH = YES;
				COPY_PHASE_STRIP = NO;
				DEBUG_INFORMATION_FORMAT = dwarf;
				ENABLE_STRICT_OBJC_MSGSEND = YES;
				ENABLE_TESTABILITY = YES;
				GCC_C_LANGUAGE_STANDARD = gnu11;
				GCC_DYNAMIC_NO_PIC = NO;
				GCC_NO_COMMON_BLOCKS = YES;
				GCC_OPTIMIZATION_LEVEL = 0;
				GCC_PREPROCESSOR_DEFINITIONS = (
					"$(inherited)",
					"DEBUG=1",
				);
				GCC_WARN_64_TO_32_BIT_CONVERSION = YES;
				GCC_WARN_ABOUT_RETURN_TYPE = YES_ERROR;
				GCC_WARN_UNDECLARED_SELECTOR = YES;
				GCC_WARN_UNINITIALIZED_AUTOS = YES_AGGRESSIVE;
				GCC_WARN_UNUSED_FUNCTION = YES;
				GCC_WARN_UNUSED_VARIABLE = YES;
				IPHONEOS_DEPLOYMENT_TARGET = 26.0;
				MTL_ENABLE_DEBUG_INFO = INCLUDE_SOURCE;
				MTL_FAST_MATH = YES;
				ONLY_ACTIVE_ARCH = YES;
				PRODUCT_NAME = "$(TARGET_NAME)";
				SDKROOT = iphoneos;
				SWIFT_ACTIVE_COMPILATION_CONDITIONS = DEBUG;
				SWIFT_OPTIMIZATION_LEVEL = "-Onone";
				SWIFT_VERSION = 5.0;
			};
			name = Debug;
		};
		BA5F18EB5E36C6344473D8D6 /* Debug */ = {
			isa = XCBuildConfiguration;
			baseConfigurationReference = A9DD77CCF0C32C709E61FFA3 /* Config.xcconfig */;
			buildSettings = {
				ASSETCATALOG_COMPILER_APPICON_NAME = AppIcon;
				ASSETCATALOG_COMPILER_GLOBAL_ACCENT_COLOR_NAME = AccentColor;
				CODE_SIGN_IDENTITY = "iPhone Developer";
				CURRENT_PROJECT_VERSION = 1;
				DEVELOPMENT_TEAM = 3MFU8G98MP;
				INFOPLIST_FILE = Snappy/Info.plist;
				LD_RUNPATH_SEARCH_PATHS = (
					"$(inherited)",
					"@executable_path/Frameworks",
				);
				MARKETING_VERSION = 1.0.0;
				PRODUCT_BUNDLE_IDENTIFIER = com.tpohoretskyi.snappy;
				SDKROOT = iphoneos;
				SWIFT_VERSION = 6.0;
				TARGETED_DEVICE_FAMILY = "1,2";
			};
			name = Debug;
		};
		E96CFDBF58D9FA5BD071F230 /* Release */ = {
			isa = XCBuildConfiguration;
			buildSettings = {
				ALWAYS_SEARCH_USER_PATHS = NO;
				CLANG_ANALYZER_NONNULL = YES;
				CLANG_ANALYZER_NUMBER_OBJECT_CONVERSION = YES_AGGRESSIVE;
				CLANG_CXX_LANGUAGE_STANDARD = "gnu++14";
				CLANG_CXX_LIBRARY = "libc++";
				CLANG_ENABLE_MODULES = YES;
				CLANG_ENABLE_OBJC_ARC = YES;
				CLANG_ENABLE_OBJC_WEAK = YES;
				CLANG_WARN_BLOCK_CAPTURE_AUTORELEASING = YES;
				CLANG_WARN_BOOL_CONVERSION = YES;
				CLANG_WARN_COMMA = YES;
				CLANG_WARN_CONSTANT_CONVERSION = YES;
				CLANG_WARN_DEPRECATED_OBJC_IMPLEMENTATIONS = YES;
				CLANG_WARN_DIRECT_OBJC_ISA_USAGE = YES_ERROR;
				CLANG_WARN_DOCUMENTATION_COMMENTS = YES;
				CLANG_WARN_EMPTY_BODY = YES;
				CLANG_WARN_ENUM_CONVERSION = YES;
				CLANG_WARN_INFINITE_RECURSION = YES;
				CLANG_WARN_INT_CONVERSION = YES;
				CLANG_WARN_NON_LITERAL_NULL_CONVERSION = YES;
				CLANG_WARN_OBJC_IMPLICIT_RETAIN_SELF = YES;
				CLANG_WARN_OBJC_LITERAL_CONVERSION = YES;
				CLANG_WARN_OBJC_ROOT_CLASS = YES_ERROR;
				CLANG_WARN_QUOTED_INCLUDE_IN_FRAMEWORK_HEADER = YES;
				CLANG_WARN_RANGE_LOOP_ANALYSIS = YES;
				CLANG_WARN_STRICT_PROTOTYPES = YES;
				CLANG_WARN_SUSPICIOUS_MOVE = YES;
				CLANG_WARN_UNGUARDED_AVAILABILITY = YES_AGGRESSIVE;
				CLANG_WARN_UNREACHABLE_CODE = YES;
				CLANG_WARN__DUPLICATE_METHOD_MATCH = YES;
				COPY_PHASE_STRIP = NO;
				DEBUG_INFORMATION_FORMAT = "dwarf-with-dsym";
				ENABLE_NS_ASSERTIONS = NO;
				ENABLE_STRICT_OBJC_MSGSEND = YES;
				GCC_C_LANGUAGE_STANDARD = gnu11;
				GCC_NO_COMMON_BLOCKS = YES;
				GCC_WARN_64_TO_32_BIT_CONVERSION = YES;
				GCC_WARN_ABOUT_RETURN_TYPE = YES_ERROR;
				GCC_WARN_UNDECLARED_SELECTOR = YES;
				GCC_WARN_UNINITIALIZED_AUTOS = YES_AGGRESSIVE;
				GCC_WARN_UNUSED_FUNCTION = YES;
				GCC_WARN_UNUSED_VARIABLE = YES;
				IPHONEOS_DEPLOYMENT_TARGET = 26.0;
				MTL_ENABLE_DEBUG_INFO = NO;
				MTL_FAST_MATH = YES;
				PRODUCT_NAME = "$(TARGET_NAME)";
				SDKROOT = iphoneos;
				SWIFT_COMPILATION_MODE = wholemodule;
				SWIFT_OPTIMIZATION_LEVEL = "-O";
				SWIFT_VERSION = 5.0;
			};
			name = Release;
		};
/* End XCBuildConfiguration section */

/* Begin XCConfigurationList section */
		651CB18F0719F41D7C8D985A /* Build configuration list for PBXProject "Snappy" */ = {
			isa = XCConfigurationList;
			buildConfigurations = (
				A4ED892BCF34C6650A5FE163 /* Debug */,
				E96CFDBF58D9FA5BD071F230 /* Release */,
			);
			defaultConfigurationIsVisible = 0;
			defaultConfigurationName = Debug;
		};
		6A7CC05B53D568978D634D43 /* Build configuration list for PBXNativeTarget "Snappy" */ = {
			isa = XCConfigurationList;
			buildConfigurations = (
				BA5F18EB5E36C6344473D8D6 /* Debug */,
				89030E85E8456C89AD3BABAA /* Release */,
			);
			defaultConfigurationIsVisible = 0;
			defaultConfigurationName = Debug;
		};
/* End XCConfigurationList section */

/* Begin XCRemoteSwiftPackageReference section */
		3788C87A30EAB2140B9E5DFF /* XCRemoteSwiftPackageReference "swift-markdown-ui" */ = {
			isa = XCRemoteSwiftPackageReference;
			repositoryURL = "https://github.com/gonzalezreal/swift-markdown-ui";
			requirement = {
				kind = upToNextMajorVersion;
				minimumVersion = 2.4.0;
			};
		};
/* End XCRemoteSwiftPackageReference section */

/* Begin XCSwiftPackageProductDependency section */
		1F4447E0F925B872E1088C7D /* MarkdownUI */ = {
			isa = XCSwiftPackageProductDependency;
			package = 3788C87A30EAB2140B9E5DFF /* XCRemoteSwiftPackageReference "swift-markdown-ui" */;
			productName = MarkdownUI;
		};
/* End XCSwiftPackageProductDependency section */
	};
	rootObject = 6461E1F8E486586EEFA7F42F /* Project object */;
}
